
Microsoft Visual Studio Solution File, Format Version 12.00
# Visual Studio Version 17
VisualStudioVersion = 17.7.34302.85
MinimumVisualStudioVersion = 10.0.40219.1
Project("{9A19103F-16F7-4668-BE54-9A1E7A4F7556}") = "AzureServiceBus", "AzureServiceBus\AzureServiceBus.csproj", "{328B542F-2F13-432D-881C-8B18148C0499}"
EndProject
Project("{9A19103F-16F7-4668-BE54-9A1E7A4F7556}") = "xUnitTest", "xUnitTest\xUnitTest.csproj", "{6D17DEC1-CB65-4DA9-A44A-694552E33E73}"
EndProject
Project("{9A19103F-16F7-4668-BE54-9A1E7A4F7556}") = "ServiceBus.Abstractions", "ServiceBus.Abstractions\ServiceBus.Abstractions.csproj", "{8D956EA0-A772-47F0-8ACB-695ED86A73A7}"
EndProject
Global
	GlobalSection(SolutionConfigurationPlatforms) = preSolution
		Debug|Any CPU = Debug|Any CPU
		Release|Any CPU = Release|Any CPU
	EndGlobalSection
	GlobalSection(ProjectConfigurationPlatforms) = postSolution
		{328B542F-2F13-432D-881C-8B18148C0499}.Debug|Any CPU.ActiveCfg = Debug|Any CPU
		{328B542F-2F13-432D-881C-8B18148C0499}.Debug|Any CPU.Build.0 = Debug|Any CPU
		{328B542F-2F13-432D-881C-8B18148C0499}.Release|Any CPU.ActiveCfg = Release|Any CPU
		{328B542F-2F13-432D-881C-8B18148C0499}.Release|Any CPU.Build.0 = Release|Any CPU
		{6D17DEC1-CB65-4DA9-A44A-694552E33E73}.Debug|Any CPU.ActiveCfg = Debug|Any CPU
		{6D17DEC1-CB65-4DA9-A44A-694552E33E73}.Debug|Any CPU.Build.0 = Debug|Any CPU
		{6D17DEC1-CB65-4DA9-A44A-694552E33E73}.Release|Any CPU.ActiveCfg = Release|Any CPU
		{6D17DEC1-CB65-4DA9-A44A-694552E33E73}.Release|Any CPU.Build.0 = Release|Any CPU
		{8D956EA0-A772-47F0-8ACB-695ED86A73A7}.Debug|Any CPU.ActiveCfg = Debug|Any CPU
		{8D956EA0-A772-47F0-8ACB-695ED86A73A7}.Debug|Any CPU.Build.0 = Debug|Any CPU
		{8D956EA0-A772-47F0-8ACB-695ED86A73A7}.Release|Any CPU.ActiveCfg = Release|Any CPU
		{8D956EA0-A772-47F0-8ACB-695ED86A73A7}.Release|Any CPU.Build.0 = Release|Any CPU
	EndGlobalSection
	GlobalSection(SolutionProperties) = preSolution
		HideSolutionNode = FALSE
	EndGlobalSection
	GlobalSection(ExtensibilityGlobals) = postSolution
		SolutionGuid = {E67F1067-4A3B-4CFE-9059-EC911E3FB81C}
	EndGlobalSection
EndGlobal
